// !$*UTF8*$!
{
	archiveVersion = 1;
	classes = {
	};
	objectVersion = 46;
	objects = {

/* Begin PBXBuildFile section */
		01107A201C0698AD0071536E /* main.m in Sources */ = {isa = PBXBuildFile; fileRef = 01107A1F1C0698AD0071536E /* main.m */; };
		01107A231C0698AD0071536E /* AppDelegate.m in Sources */ = {isa = PBXBuildFile; fileRef = 01107A221C0698AD0071536E /* AppDelegate.m */; };
		01107A261C0698AD0071536E /* ViewController.m in Sources */ = {isa = PBXBuildFile; fileRef = 01107A251C0698AD0071536E /* ViewController.m */; };
		01107A291C0698AD0071536E /* Main.storyboard in Resources */ = {isa = PBXBuildFile; fileRef = 01107A271C0698AD0071536E /* Main.storyboard */; };
		01107A2C1C0698AD0071536E /* InstragramApp.xcdatamodeld in Sources */ = {isa = PBXBuildFile; fileRef = 01107A2A1C0698AD0071536E /* InstragramApp.xcdatamodeld */; };
		01107A2E1C0698AD0071536E /* Assets.xcassets in Resources */ = {isa = PBXBuildFile; fileRef = 01107A2D1C0698AD0071536E /* Assets.xcassets */; };
		01107A311C0698AD0071536E /* LaunchScreen.storyboard in Resources */ = {isa = PBXBuildFile; fileRef = 01107A2F1C0698AD0071536E /* LaunchScreen.storyboard */; };
		01107A3C1C0698AD0071536E /* InstragramAppTests.m in Sources */ = {isa = PBXBuildFile; fileRef = 01107A3B1C0698AD0071536E /* InstragramAppTests.m */; };
		01107A471C0698AD0071536E /* InstragramAppUITests.m in Sources */ = {isa = PBXBuildFile; fileRef = 01107A461C0698AD0071536E /* InstragramAppUITests.m */; };
/* End PBXBuildFile section */

/* Begin PBXContainerItemProxy section */
		01107A381C0698AD0071536E /* PBXContainerItemProxy */ = {
			isa = PBXContainerItemProxy;
			containerPortal = 01107A131C0698AD0071536E /* Project object */;
			proxyType = 1;
			remoteGlobalIDString = 01107A1A1C0698AD0071536E;
			remoteInfo = InstragramApp;
		};
		01107A431C0698AD0071536E /* PBXContainerItemProxy */ = {
			isa = PBXContainerItemProxy;
			containerPortal = 01107A131C0698AD0071536E /* Project object */;
			proxyType = 1;
			remoteGlobalIDString = 01107A1A1C0698AD0071536E;
			remoteInfo = InstragramApp;
		};
/* End PBXContainerItemProxy section */

/* Begin PBXFileReference section */
		01107A1B1C0698AD0071536E /* InstragramApp.app */ = {isa = PBXFileReference; explicitFileType = wrapper.application; includeInIndex = 0; path = InstragramApp.app; sourceTree = BUILT_PRODUCTS_DIR; };
		01107A1F1C0698AD0071536E /* main.m */ = {isa = PBXFileReference; lastKnownFileType = sourcecode.c.objc; path = main.m; sourceTree = "<group>"; };
		01107A211C0698AD0071536E /* AppDelegate.h */ = {isa = PBXFileReference; lastKnownFileType = sourcecode.c.h; path = AppDelegate.h; sourceTree = "<group>"; };
		01107A221C0698AD0071536E /* AppDelegate.m */ = {isa = PBXFileReference; lastKnownFileType = sourcecode.c.objc; path = AppDelegate.m; sourceTree = "<group>"; };
		01107A241C0698AD0071536E /* ViewController.h */ = {isa = PBXFileReference; lastKnownFileType = sourcecode.c.h; path = ViewController.h; sourceTree = "<group>"; };
		01107A251C0698AD0071536E /* ViewController.m */ = {isa = PBXFileReference; lastKnownFileType = sourcecode.c.objc; path = ViewController.m; sourceTree = "<group>"; };
		01107A281C0698AD0071536E /* Base */ = {isa = PBXFileReference; lastKnownFileType = file.storyboard; name = Base; path = Base.lproj/Main.storyboard; sourceTree = "<group>"; };
		01107A2B1C0698AD0071536E /* InstragramApp.xcdatamodel */ = {isa = PBXFileReference; lastKnownFileType = wrapper.xcdatamodel; path = InstragramApp.xcdatamodel; sourceTree = "<group>"; };
		01107A2D1C0698AD0071536E /* Assets.xcassets */ = {isa = PBXFileReference; lastKnownFileType = folder.assetcatalog; path = Assets.xcassets; sourceTree = "<group>"; };
		01107A301C0698AD0071536E /* Base */ = {isa = PBXFileReference; lastKnownFileType = file.storyboard; name = Base; path = Base.lproj/LaunchScreen.storyboard; sourceTree = "<group>"; };
		01107A321C0698AD0071536E /* Info.plist */ = {isa = PBXFileReference; lastKnownFileType = text.plist.xml; path = Info.plist; sourceTree = "<group>"; };
		01107A371C0698AD0071536E /* InstragramAppTests.xctest */ = {isa = PBXFileReference; explicitFileType = wrapper.cfbundle; includeInIndex = 0; path = InstragramAppTests.xctest; sourceTree = BUILT_PRODUCTS_DIR; };
		01107A3B1C0698AD0071536E /* InstragramAppTests.m */ = {isa = PBXFileReference; lastKnownFileType = sourcecode.c.objc; path = InstragramAppTests.m; sourceTree = "<group>"; };
		01107A3D1C0698AD0071536E /* Info.plist */ = {isa = PBXFileReference; lastKnownFileType = text.plist.xml; path = Info.plist; sourceTree = "<group>"; };
		01107A421C0698AD0071536E /* InstragramAppUITests.xctest */ = {isa = PBXFileReference; explicitFileType = wrapper.cfbundle; includeInIndex = 0; path = InstragramAppUITests.xctest; sourceTree = BUILT_PRODUCTS_DIR; };
		01107A461C0698AD0071536E /* InstragramAppUITests.m */ = {isa = PBXFileReference; lastKnownFileType = sourcecode.c.objc; path = InstragramAppUITests.m; sourceTree = "<group>"; };
		01107A481C0698AD0071536E /* Info.plist */ = {isa = PBXFileReference; lastKnownFileType = text.plist.xml; path = Info.plist; sourceTree = "<group>"; };
/* End PBXFileReference section */

/* Begin PBXFrameworksBuildPhase section */
		01107A181C0698AD0071536E /* Frameworks */ = {
			isa = PBXFrameworksBuildPhase;
			buildActionMask = 2147483647;
			files = (
			);
			runOnlyForDeploymentPostprocessing = 0;
		};
		01107A341C0698AD0071536E /* Frameworks */ = {
			isa = PBXFrameworksBuildPhase;
			buildActionMask = 2147483647;
			files = (
			);
			runOnlyForDeploymentPostprocessing = 0;
		};
		01107A3F1C0698AD0071536E /* Frameworks */ = {
			isa = PBXFrameworksBuildPhase;
			buildActionMask = 2147483647;
			files = (
			);
			runOnlyForDeploymentPostprocessing = 0;
		};
/* End PBXFrameworksBuildPhase section */

/* Begin PBXGroup section */
		01107A121C0698AD0071536E = {
			isa = PBXGroup;
			children = (
				01107A1D1C0698AD0071536E /* InstragramApp */,
				01107A3A1C0698AD0071536E /* InstragramAppTests */,
				01107A451C0698AD0071536E /* InstragramAppUITests */,
				01107A1C1C0698AD0071536E /* Products */,
			);
			sourceTree = "<group>";
		};
		01107A1C1C0698AD0071536E /* Products */ = {
			isa = PBXGroup;
			children = (
				01107A1B1C0698AD0071536E /* InstragramApp.app */,
				01107A371C0698AD0071536E /* InstragramAppTests.xctest */,
				01107A421C0698AD0071536E /* InstragramAppUITests.xctest */,
			);
			name = Products;
			sourceTree = "<group>";
		};
		01107A1D1C0698AD0071536E /* InstragramApp */ = {
			isa = PBXGroup;
			children = (
				01107A211C0698AD0071536E /* AppDelegate.h */,
				01107A221C0698AD0071536E /* AppDelegate.m */,
				01107A241C0698AD0071536E /* ViewController.h */,
				01107A251C0698AD0071536E /* ViewController.m */,
				01107A271C0698AD0071536E /* Main.storyboard */,
				01107A2D1C0698AD0071536E /* Assets.xcassets */,
				01107A2F1C0698AD0071536E /* LaunchScreen.storyboard */,
				01107A321C0698AD0071536E /* Info.plist */,
				01107A2A1C0698AD0071536E /* InstragramApp.xcdatamodeld */,
				01107A1E1C0698AD0071536E /* Supporting Files */,
			);
			path = InstragramApp;
			sourceTree = "<group>";
		};
		01107A1E1C0698AD0071536E /* Supporting Files */ = {
			isa = PBXGroup;
			children = (
				01107A1F1C0698AD0071536E /* main.m */,
			);
			name = "Supporting Files";
			sourceTree = "<group>";
		};
		01107A3A1C0698AD0071536E /* InstragramAppTests */ = {
			isa = PBXGroup;
			children = (
				01107A3B1C0698AD0071536E /* InstragramAppTests.m */,
				01107A3D1C0698AD0071536E /* Info.plist */,
			);
			path = InstragramAppTests;
			sourceTree = "<group>";
		};
		01107A451C0698AD0071536E /* InstragramAppUITests */ = {
			isa = PBXGroup;
			children = (
				01107A461C0698AD0071536E /* InstragramAppUITests.m */,
				01107A481C0698AD0071536E /* Info.plist */,
			);
			path = InstragramAppUITests;
			sourceTree = "<group>";
		};
/* End PBXGroup section */

/* Begin PBXNativeTarget section */
		01107A1A1C0698AD0071536E /* InstragramApp */ = {
			isa = PBXNativeTarget;
			buildConfigurationList = 01107A4B1C0698AD0071536E /* Build configuration list for PBXNativeTarget "InstragramApp" */;
			buildPhases = (
				01107A171C0698AD0071536E /* Sources */,
				01107A181C0698AD0071536E /* Frameworks */,
				01107A191C0698AD0071536E /* Resources */,
			);
			buildRules = (
			);
			dependencies = (
			);
			name = InstragramApp;
			productName = InstragramApp;
			productReference = 01107A1B1C0698AD0071536E /* InstragramApp.app */;
			productType = "com.apple.product-type.application";
		};
		01107A361C0698AD0071536E /* InstragramAppTests */ = {
			isa = PBXNativeTarget;
			buildConfigurationList = 01107A4E1C0698AD0071536E /* Build configuration list for PBXNativeTarget "InstragramAppTests" */;
			buildPhases = (
				01107A331C0698AD0071536E /* Sources */,
				01107A341C0698AD0071536E /* Frameworks */,
				01107A351C0698AD0071536E /* Resources */,
			);
			buildRules = (
			);
			dependencies = (
				01107A391C0698AD0071536E /* PBXTargetDependency */,
			);
			name = InstragramAppTests;
			productName = InstragramAppTests;
			productReference = 01107A371C0698AD0071536E /* InstragramAppTests.xctest */;
			productType = "com.apple.product-type.bundle.unit-test";
		};
		01107A411C0698AD0071536E /* InstragramAppUITests */ = {
			isa = PBXNativeTarget;
			buildConfigurationList = 01107A511C0698AD0071536E /* Build configuration list for PBXNativeTarget "InstragramAppUITests" */;
			buildPhases = (
				01107A3E1C0698AD0071536E /* Sources */,
				01107A3F1C0698AD0071536E /* Frameworks */,
				01107A401C0698AD0071536E /* Resources */,
			);
			buildRules = (
			);
			dependencies = (
				01107A441C0698AD0071536E /* PBXTargetDependency */,
			);
			name = InstragramAppUITests;
			productName = InstragramAppUITests;
			productReference = 01107A421C0698AD0071536E /* InstragramAppUITests.xctest */;
			productType = "com.apple.product-type.bundle.ui-testing";
		};
/* End PBXNativeTarget section */

/* Begin PBXProject section */
		01107A131C0698AD0071536E /* Project object */ = {
			isa = PBXProject;
			attributes = {
				LastUpgradeCheck = 0710;
				ORGANIZATIONNAME = "Adriana Pineda";
				TargetAttributes = {
					01107A1A1C0698AD0071536E = {
						CreatedOnToolsVersion = 7.1.1;
					};
					01107A361C0698AD0071536E = {
						CreatedOnToolsVersion = 7.1.1;
						TestTargetID = 01107A1A1C0698AD0071536E;
					};
					01107A411C0698AD0071536E = {
						CreatedOnToolsVersion = 7.1.1;
						TestTargetID = 01107A1A1C0698AD0071536E;
					};
				};
			};
			buildConfigurationList = 01107A161C0698AD0071536E /* Build configuration list for PBXProject "InstragramApp" */;
			compatibilityVersion = "Xcode 3.2";
			developmentRegion = English;
			hasScannedForEncodings = 0;
			knownRegions = (
				en,
				Base,
			);
			mainGroup = 01107A121C0698AD0071536E;
			productRefGroup = 01107A1C1C0698AD0071536E /* Products */;
			projectDirPath = "";
			projectRoot = "";
			targets = (
				01107A1A1C0698AD0071536E /* InstragramApp */,
				01107A361C0698AD0071536E /* InstragramAppTests */,
				01107A411C0698AD0071536E /* InstragramAppUITests */,
			);
		};
/* End PBXProject section */

/* Begin PBXResourcesBuildPhase section */
		01107A191C0698AD0071536E /* Resources */ = {
			isa = PBXResourcesBuildPhase;
			buildActionMask = 2147483647;
			files = (
				01107A311C0698AD0071536E /* LaunchScreen.storyboard in Resources */,
				01107A2E1C0698AD0071536E /* Assets.xcassets in Resources */,
				01107A291C0698AD0071536E /* Main.storyboard in Resources */,
			);
			runOnlyForDeploymentPostprocessing = 0;
		};
		01107A351C0698AD0071536E /* Resources */ = {
			isa = PBXResourcesBuildPhase;
			buildActionMask = 2147483647;
			files = (
			);
			runOnlyForDeploymentPostprocessing = 0;
		};
		01107A401C0698AD0071536E /* Resources */ = {
			isa = PBXResourcesBuildPhase;
			buildActionMask = 2147483647;
			files = (
			);
			runOnlyForDeploymentPostprocessing = 0;
		};
/* End PBXResourcesBuildPhase section */

/* Begin PBXSourcesBuildPhase section */
		01107A171C0698AD0071536E /* Sources */ = {
			isa = PBXSourcesBuildPhase;
			buildActionMask = 2147483647;
			files = (
				01107A261C0698AD0071536E /* ViewController.m in Sources */,
				01107A231C0698AD0071536E /* AppDelegate.m in Sources */,
				01107A201C0698AD0071536E /* main.m in Sources */,
				01107A2C1C0698AD0071536E /* InstragramApp.xcdatamodeld in Sources */,
			);
			runOnlyForDeploymentPostprocessing = 0;
		};
		01107A331C0698AD0071536E /* Sources */ = {
			isa = PBXSourcesBuildPhase;
			buildActionMask = 2147483647;
			files = (
				01107A3C1C0698AD0071536E /* InstragramAppTests.m in Sources */,
			);
			runOnlyForDeploymentPostprocessing = 0;
		};
		01107A3E1C0698AD0071536E /* Sources */ = {
			isa = PBXSourcesBuildPhase;
			buildActionMask = 2147483647;
			files = (
				01107A471C0698AD0071536E /* InstragramAppUITests.m in Sources */,
			);
			runOnlyForDeploymentPostprocessing = 0;
		};
/* End PBXSourcesBuildPhase section */

/* Begin PBXTargetDependency section */
		01107A391C0698AD0071536E /* PBXTargetDependency */ = {
			isa = PBXTargetDependency;
			target = 01107A1A1C0698AD0071536E /* InstragramApp */;
			targetProxy = 01107A381C0698AD0071536E /* PBXContainerItemProxy */;
		};
		01107A441C0698AD0071536E /* PBXTargetDependency */ = {
			isa = PBXTargetDependency;
			target = 01107A1A1C0698AD0071536E /* InstragramApp */;
			targetProxy = 01107A431C0698AD0071536E /* PBXContainerItemProxy */;
		};
/* End PBXTargetDependency section */

/* Begin PBXVariantGroup section */
		01107A271C0698AD0071536E /* Main.storyboard */ = {
			isa = PBXVariantGroup;
			children = (
				01107A281C0698AD0071536E /* Base */,
			);
			name = Main.storyboard;
			sourceTree = "<group>";
		};
		01107A2F1C0698AD0071536E /* LaunchScreen.storyboard */ = {
			isa = PBXVariantGroup;
			children = (
				01107A301C0698AD0071536E /* Base */,
			);
			name = LaunchScreen.storyboard;
			sourceTree = "<group>";
		};
/* End PBXVariantGroup section */

/* Begin XCBuildConfiguration section */
		01107A491C0698AD0071536E /* Debug */ = {
			isa = XCBuildConfiguration;
			buildSettings = {
				ALWAYS_SEARCH_USER_PATHS = NO;
				CLANG_CXX_LANGUAGE_STANDARD = "gnu++0x";
				CLANG_CXX_LIBRARY = "libc++";
				CLANG_ENABLE_MODULES = YES;
				CLANG_ENABLE_OBJC_ARC = YES;
				CLANG_WARN_BOOL_CONVERSION = YES;
				CLANG_WARN_CONSTANT_CONVERSION = YES;
				CLANG_WARN_DIRECT_OBJC_ISA_USAGE = YES_ERROR;
				CLANG_WARN_EMPTY_BODY = YES;
				CLANG_WARN_ENUM_CONVERSION = YES;
				CLANG_WARN_INT_CONVERSION = YES;
				CLANG_WARN_OBJC_ROOT_CLASS = YES_ERROR;
				CLANG_WARN_UNREACHABLE_CODE = YES;
				CLANG_WARN__DUPLICATE_METHOD_MATCH = YES;
				"CODE_SIGN_IDENTITY[sdk=iphoneos*]" = "iPhone Developer";
				COPY_PHASE_STRIP = NO;
				DEBUG_INFORMATION_FORMAT = dwarf;
				ENABLE_STRICT_OBJC_MSGSEND = YES;
				ENABLE_TESTABILITY = YES;
				GCC_C_LANGUAGE_STANDARD = gnu99;
				GCC_DYNAMIC_NO_PIC = NO;
				GCC_NO_COMMON_BLOCKS = YES;
				GCC_OPTIMIZATION_LEVEL = 0;
				GCC_PREPROCESSOR_DEFINITIONS = (
					"DEBUG=1",
					"$(inherited)",
				);
				GCC_WARN_64_TO_32_BIT_CONVERSION = YES;
				GCC_WARN_ABOUT_RETURN_TYPE = YES_ERROR;
				GCC_WARN_UNDECLARED_SELECTOR = YES;
				GCC_WARN_UNINITIALIZED_AUTOS = YES_AGGRESSIVE;
				GCC_WARN_UNUSED_FUNCTION = YES;
				GCC_WARN_UNUSED_VARIABLE = YES;
				IPHONEOS_DEPLOYMENT_TARGET = 9.1;
				MTL_ENABLE_DEBUG_INFO = YES;
				ONLY_ACTIVE_ARCH = YES;
				SDKROOT = iphoneos;
				TARGETED_DEVICE_FAMILY = "1,2";
			};
			name = Debug;
		};
		01107A4A1C0698AD0071536E /* Release */ = {
			isa = XCBuildConfiguration;
			buildSettings = {
				ALWAYS_SEARCH_USER_PATHS = NO;
				CLANG_CXX_LANGUAGE_STANDARD = "gnu++0x";
				CLANG_CXX_LIBRARY = "libc++";
				CLANG_ENABLE_MODULES = YES;
				CLANG_ENABLE_OBJC_ARC = YES;
				CLANG_WARN_BOOL_CONVERSION = YES;
				CLANG_WARN_CONSTANT_CONVERSION = YES;
				CLANG_WARN_DIRECT_OBJC_ISA_USAGE = YES_ERROR;
				CLANG_WARN_EMPTY_BODY = YES;
				CLANG_WARN_ENUM_CONVERSION = YES;
				CLANG_WARN_INT_CONVERSION = YES;
				CLANG_WARN_OBJC_ROOT_CLASS = YES_ERROR;
				CLANG_WARN_UNREACHABLE_CODE = YES;
				CLANG_WARN__DUPLICATE_METHOD_MATCH = YES;
				"CODE_SIGN_IDENTITY[sdk=iphoneos*]" = "iPhone Developer";
				COPY_PHASE_STRIP = NO;
				DEBUG_INFORMATION_FORMAT = "dwarf-with-dsym";
				ENABLE_NS_ASSERTIONS = NO;
				ENABLE_STRICT_OBJC_MSGSEND = YES;
				GCC_C_LANGUAGE_STANDARD = gnu99;
				GCC_NO_COMMON_BLOCKS = YES;
				GCC_WARN_64_TO_32_BIT_CONVERSION = YES;
				GCC_WARN_ABOUT_RETURN_TYPE = YES_ERROR;
				GCC_WARN_UNDECLARED_SELECTOR = YES;
				GCC_WARN_UNINITIALIZED_AUTOS = YES_AGGRESSIVE;
				GCC_WARN_UNUSED_FUNCTION = YES;
				GCC_WARN_UNUSED_VARIABLE = YES;
				IPHONEOS_DEPLOYMENT_TARGET = 9.1;
				MTL_ENABLE_DEBUG_INFO = NO;
				SDKROOT = iphoneos;
				TARGETED_DEVICE_FAMILY = "1,2";
				VALIDATE_PRODUCT = YES;
			};
			name = Release;
		};
		01107A4C1C0698AD0071536E /* Debug */ = {
			isa = XCBuildConfiguration;
			buildSettings = {
				ASSETCATALOG_COMPILER_APPICON_NAME = AppIcon;
				INFOPLIST_FILE = InstragramApp/Info.plist;
				LD_RUNPATH_SEARCH_PATHS = "$(inherited) @executable_path/Frameworks";
				PRODUCT_BUNDLE_IDENTIFIER = examples.coursera.InstragramApp;
				PRODUCT_NAME = "$(TARGET_NAME)";
			};
			name = Debug;
		};
		01107A4D1C0698AD0071536E /* Release */ = {
			isa = XCBuildConfiguration;
			buildSettings = {
				ASSETCATALOG_COMPILER_APPICON_NAME = AppIcon;
				INFOPLIST_FILE = InstragramApp/Info.plist;
				LD_RUNPATH_SEARCH_PATHS = "$(inherited) @executable_path/Frameworks";
				PRODUCT_BUNDLE_IDENTIFIER = examples.coursera.InstragramApp;
				PRODUCT_NAME = "$(TARGET_NAME)";
			};
			name = Release;
		};
		01107A4F1C0698AD0071536E /* Debug */ = {
			isa = XCBuildConfiguration;
			buildSettings = {
				BUNDLE_LOADER = "$(TEST_HOST)";
				INFOPLIST_FILE = InstragramAppTests/Info.plist;
				LD_RUNPATH_SEARCH_PATHS = "$(inherited) @executable_path/Frameworks @loader_path/Frameworks";
				PRODUCT_BUNDLE_IDENTIFIER = examples.coursera.InstragramAppTests;
				PRODUCT_NAME = "$(TARGET_NAME)";
				TEST_HOST = "$(BUILT_PRODUCTS_DIR)/InstragramApp.app/InstragramApp";
			};
			name = Debug;
		};
		01107A501C0698AD0071536E /* Release */ = {
			isa = XCBuildConfiguration;
			buildSettings = {
				BUNDLE_LOADER = "$(TEST_HOST)";
				INFOPLIST_FILE = InstragramAppTests/Info.plist;
				LD_RUNPATH_SEARCH_PATHS = "$(inherited) @executable_path/Frameworks @loader_path/Frameworks";
				PRODUCT_BUNDLE_IDENTIFIER = examples.coursera.InstragramAppTests;
				PRODUCT_NAME = "$(TARGET_NAME)";
				TEST_HOST = "$(BUILT_PRODUCTS_DIR)/InstragramApp.app/InstragramApp";
			};
			name = Release;
		};
		01107A521C0698AD0071536E /* Debug */ = {
			isa = XCBuildConfiguration;
			buildSettings = {
				INFOPLIST_FILE = InstragramAppUITests/Info.plist;
				LD_RUNPATH_SEARCH_PATHS = "$(inherited) @executable_path/Frameworks @loader_path/Frameworks";
				PRODUCT_BUNDLE_IDENTIFIER = examples.coursera.InstragramAppUITests;
				PRODUCT_NAME = "$(TARGET_NAME)";
				TEST_TARGET_NAME = InstragramApp;
				USES_XCTRUNNER = YES;
			};
			name = Debug;
		};
		01107A531C0698AD0071536E /* Release */ = {
			isa = XCBuildConfiguration;
			buildSettings = {
				INFOPLIST_FILE = InstragramAppUITests/Info.plist;
				LD_RUNPATH_SEARCH_PATHS = "$(inherited) @executable_path/Frameworks @loader_path/Frameworks";
				PRODUCT_BUNDLE_IDENTIFIER = examples.coursera.InstragramAppUITests;
				PRODUCT_NAME = "$(TARGET_NAME)";
				TEST_TARGET_NAME = InstragramApp;
				USES_XCTRUNNER = YES;
			};
			name = Release;
		};
/* End XCBuildConfiguration section */

/* Begin XCConfigurationList section */
		01107A161C0698AD0071536E /* Build configuration list for PBXProject "InstragramApp" */ = {
			isa = XCConfigurationList;
			buildConfigurations = (
				01107A491C0698AD0071536E /* Debug */,
				01107A4A1C0698AD0071536E /* Release */,
			);
			defaultConfigurationIsVisible = 0;
			defaultConfigurationName = Release;
		};
		01107A4B1C0698AD0071536E /* Build configuration list for PBXNativeTarget "InstragramApp" */ = {
			isa = XCConfigurationList;
			buildConfigurations = (
				01107A4C1C0698AD0071536E /* Debug */,
				01107A4D1C0698AD0071536E /* Release */,
			);
			defaultConfigurationIsVisible = 0;
		};
		01107A4E1C0698AD0071536E /* Build configuration list for PBXNativeTarget "InstragramAppTests" */ = {
			isa = XCConfigurationList;
			buildConfigurations = (
				01107A4F1C0698AD0071536E /* Debug */,
				01107A501C0698AD0071536E /* Release */,
			);
			defaultConfigurationIsVisible = 0;
		};
		01107A511C0698AD0071536E /* Build configuration list for PBXNativeTarget "InstragramAppUITests" */ = {
			isa = XCConfigurationList;
			buildConfigurations = (
				01107A521C0698AD0071536E /* Debug */,
				01107A531C0698AD0071536E /* Release */,
			);
			defaultConfigurationIsVisible = 0;
		};
/* End XCConfigurationList section */

/* Begin XCVersionGroup section */
		01107A2A1C0698AD0071536E /* InstragramApp.xcdatamodeld */ = {
			isa = XCVersionGroup;
			children = (
				01107A2B1C0698AD0071536E /* InstragramApp.xcdatamodel */,
			);
			currentVersion = 01107A2B1C0698AD0071536E /* InstragramApp.xcdatamodel */;
			path = InstragramApp.xcdatamodeld;
			sourceTree = "<group>";
			versionGroupType = wrapper.xcdatamodel;
		};
/* End XCVersionGroup section */
	};
	rootObject = 01107A131C0698AD0071536E /* Project object */;
}
